# generated by rye
# use `rye lock` or `rye sync` to update this lockfile
#
# last locked with the following flags:
#   pre: false
#   features: []
#   all-features: false
#   with-sources: false

-e file:.
aiofiles==23.2.1
    # via rio-ui
alt-pytest-asyncio==0.7.2
annotated-types==0.6.0
    # via pydantic
anyio==4.3.0
    # via httpx
    # via starlette
    # via watchfiles
black==24.4.0
blessed==1.20.0
    # via revel
certifi==2024.2.2
    # via httpcore
    # via httpx
    # via requests
cffi==1.16.0
    # via cryptography
cfgv==3.4.0
    # via pre-commit
charset-normalizer==3.3.2
    # via requests
click==8.1.7
    # via black
    # via uvicorn
colorama==0.4.6
    # via revel
coverage==7.2.7
cryptography==42.0.5
    # via secretstorage
distlib==0.3.8
    # via virtualenv
dnspython==2.6.1
    # via pymongo
exceptiongroup==1.2.1
    # via anyio
    # via pytest
fastapi==0.110.2
    # via rio-ui
filelock==3.13.4
    # via virtualenv
fuzzywuzzy==0.18.0
    # via rio-ui
gitignore-parser==0.1.11
    # via rio-ui
h11==0.14.0
    # via httpcore
    # via uvicorn
httpcore==1.0.5
    # via httpx
httptools==0.6.1
    # via uvicorn
httpx==0.25.2
    # via rio-ui
identify==2.5.35
    # via pre-commit
idna==3.7
    # via anyio
    # via httpx
    # via requests
    # via yarl
importlib-metadata==7.1.0
    # via keyring
imy==0.2.8
    # via rio-ui
iniconfig==2.0.0
    # via pytest
introspection==1.8
    # via imy
    # via rio-ui
isort==5.13.2
    # via rio-ui
jaraco-classes==3.4.0
    # via keyring
jeepney==0.8.0
    # via keyring
    # via secretstorage
json5==0.9.25
    # via imy
keyring==24.3.1
    # via rio-ui
levenshtein==0.23.0
    # via python-levenshtein
more-itertools==10.2.0
    # via jaraco-classes
motor==3.4.0
    # via imy
multidict==6.0.5
    # via yarl
mypy-extensions==1.0.0
    # via black
nodeenv==1.8.0
    # via pre-commit
    # via pyright
numpy==1.26.4
    # via pandas
ordered-set==4.1.0
    # via introspection
packaging==24.0
    # via black
    # via pkg-about
    # via pytest
pandas==2.2.2
pathspec==0.12.1
    # via black
pillow==10.2.0
    # via rio-ui
pkg-about==1.1.5
    # via renumerate
platformdirs==4.2.0
    # via black
    # via virtualenv
pluggy==1.4.0
    # via pytest
polars==0.20.23
pre-commit==3.1.1
pycparser==2.22
    # via cffi
pydantic==2.7.0
    # via fastapi
pydantic-core==2.18.1
    # via pydantic
pymongo==4.6.3
    # via motor
    # via uniserde
pyright==1.1.359
pytest==7.3.2
    # via alt-pytest-asyncio
    # via rio-ui
python-dateutil==2.9.0.post0
    # via pandas
    # via uniserde
python-dotenv==1.0.1
    # via uvicorn
python-levenshtein==0.23.0
    # via rio-ui
python-multipart==0.0.9
    # via rio-ui
pytz==2024.1
    # via pandas
    # via rio-ui
pyyaml==6.0.1
    # via pre-commit
    # via uvicorn
rapidfuzz==3.8.1
    # via levenshtein
readchar==4.0.6
    # via revel
renumerate==1.1.12
    # via introspection
requests==2.31.0
revel==0.9.0
    # via rio-ui
ruff==0.4.1
secretstorage==3.3.3
    # via keyring
sentinel==1.0.0
    # via introspection
setuptools==69.5.1
    # via nodeenv
    # via pkg-about
    # via readchar
    # via renumerate
six==1.16.0
    # via blessed
    # via python-dateutil
sniffio==1.3.1
    # via anyio
    # via httpx
starlette==0.37.2
    # via fastapi
timer-dict==1.0.0
    # via rio-ui
tomli==2.0.1
    # via black
    # via pkg-about
    # via pytest
tomlkit==0.12.4
    # via rio-ui
typing-extensions==4.11.0
    # via anyio
    # via black
    # via fastapi
    # via introspection
    # via pydantic
    # via pydantic-core
    # via revel
    # via rio-ui
    # via uniserde
    # via uvicorn
tzdata==2024.1
    # via pandas
unicall==0.1.5
    # via rio-ui
uniserde==0.3.12
    # via imy
    # via rio-ui
    # via unicall
urllib3==2.2.1
    # via requests
uvicorn==0.23.2
    # via rio-ui
uvloop==0.19.0
    # via uvicorn
virtualenv==20.25.3
    # via pre-commit
watchfiles==0.21.0
    # via rio-ui
    # via uvicorn
wcwidth==0.2.13
    # via blessed
websockets==12.0
    # via uvicorn
yarl==1.9.4
    # via rio-ui
zipp==3.18.1
    # via importlib-metadata
